
Microsoft Visual Studio Solution File, Format Version 12.00
# Visual Studio 15
VisualStudioVersion = 15.0.28307.421
MinimumVisualStudioVersion = 10.0.40219.1
Project("{9A19103F-16F7-4668-BE54-9A1E7A4F7556}") = "GraphQL.Fluent", "GraphQL.Fluent\GraphQL.Fluent.csproj", "{D83B8360-855F-4476-BF43-4CC1FD526BC3}"
EndProject
Project("{FAE04EC0-301F-11D3-BF4B-00C04F79EFBC}") = "GraphQL.Fluent.Tests", "GraphQL.Fluent.Tests\GraphQL.Fluent.Tests.csproj", "{2E06D8A3-09E6-444B-BD1E-E237EC6ACF62}"
EndProject
Global
	GlobalSection(SolutionConfigurationPlatforms) = preSolution
		Debug|Any CPU = Debug|Any CPU
		Release|Any CPU = Release|Any CPU
	EndGlobalSection
	GlobalSection(ProjectConfigurationPlatforms) = postSolution
		{D83B8360-855F-4476-BF43-4CC1FD526BC3}.Debug|Any CPU.ActiveCfg = Debug|Any CPU
		{D83B8360-855F-4476-BF43-4CC1FD526BC3}.Debug|Any CPU.Build.0 = Debug|Any CPU
		{D83B8360-855F-4476-BF43-4CC1FD526BC3}.Release|Any CPU.ActiveCfg = Release|Any CPU
		{D83B8360-855F-4476-BF43-4CC1FD526BC3}.Release|Any CPU.Build.0 = Release|Any CPU
		{2E06D8A3-09E6-444B-BD1E-E237EC6ACF62}.Debug|Any CPU.ActiveCfg = Debug|Any CPU
		{2E06D8A3-09E6-444B-BD1E-E237EC6ACF62}.Debug|Any CPU.Build.0 = Debug|Any CPU
		{2E06D8A3-09E6-444B-BD1E-E237EC6ACF62}.Release|Any CPU.ActiveCfg = Release|Any CPU
		{2E06D8A3-09E6-444B-BD1E-E237EC6ACF62}.Release|Any CPU.Build.0 = Release|Any CPU
	EndGlobalSection
	GlobalSection(SolutionProperties) = preSolution
		HideSolutionNode = FALSE
	EndGlobalSection
	GlobalSection(ExtensibilityGlobals) = postSolution
		SolutionGuid = {54EC537F-2873-41E8-8D3F-8952B05C6746}
	EndGlobalSection
EndGlobal
